// !$*UTF8*$!
{
	archiveVersion = 1;
	classes = {
	};
	objectVersion = 46;
	objects = {

/* Begin PBXBuildFile section */
		F202DEC41C0A030B00C75601 /* main.m in Sources */ = {isa = PBXBuildFile; fileRef = F202DEC31C0A030B00C75601 /* main.m */; };
		F202DEC71C0A030B00C75601 /* AppDelegate.m in Sources */ = {isa = PBXBuildFile; fileRef = F202DEC61C0A030B00C75601 /* AppDelegate.m */; };
		F202DECA1C0A030B00C75601 /* Home.m in Sources */ = {isa = PBXBuildFile; fileRef = F202DEC91C0A030B00C75601 /* Home.m */; };
		F202DECD1C0A030B00C75601 /* Main.storyboard in Resources */ = {isa = PBXBuildFile; fileRef = F202DECB1C0A030B00C75601 /* Main.storyboard */; };
		F202DED01C0A030B00C75601 /* Conekta_Token.xcdatamodeld in Sources */ = {isa = PBXBuildFile; fileRef = F202DECE1C0A030B00C75601 /* Conekta_Token.xcdatamodeld */; };
		F202DED21C0A030B00C75601 /* Assets.xcassets in Resources */ = {isa = PBXBuildFile; fileRef = F202DED11C0A030B00C75601 /* Assets.xcassets */; };
		F202DED51C0A030B00C75601 /* LaunchScreen.storyboard in Resources */ = {isa = PBXBuildFile; fileRef = F202DED31C0A030B00C75601 /* LaunchScreen.storyboard */; };
		F202DEFA1C0A04A500C75601 /* Card.m in Sources */ = {isa = PBXBuildFile; fileRef = F202DEF01C0A04A500C75601 /* Card.m */; };
		F202DEFB1C0A04A500C75601 /* Conekta.m in Sources */ = {isa = PBXBuildFile; fileRef = F202DEF21C0A04A500C75601 /* Conekta.m */; };
		F202DEFC1C0A04A500C75601 /* Connection.m in Sources */ = {isa = PBXBuildFile; fileRef = F202DEF71C0A04A500C75601 /* Connection.m */; };
		F202DEFD1C0A04A500C75601 /* Token.m in Sources */ = {isa = PBXBuildFile; fileRef = F202DEF91C0A04A500C75601 /* Token.m */; };
/* End PBXBuildFile section */

/* Begin PBXFileReference section */
		F202DEBF1C0A030B00C75601 /* Conekta Token.app */ = {isa = PBXFileReference; explicitFileType = wrapper.application; includeInIndex = 0; path = "Conekta Token.app"; sourceTree = BUILT_PRODUCTS_DIR; };
		F202DEC31C0A030B00C75601 /* main.m */ = {isa = PBXFileReference; lastKnownFileType = sourcecode.c.objc; path = main.m; sourceTree = "<group>"; };
		F202DEC51C0A030B00C75601 /* AppDelegate.h */ = {isa = PBXFileReference; lastKnownFileType = sourcecode.c.h; path = AppDelegate.h; sourceTree = "<group>"; };
		F202DEC61C0A030B00C75601 /* AppDelegate.m */ = {isa = PBXFileReference; lastKnownFileType = sourcecode.c.objc; path = AppDelegate.m; sourceTree = "<group>"; };
		F202DEC81C0A030B00C75601 /* Home.h */ = {isa = PBXFileReference; lastKnownFileType = sourcecode.c.h; path = Home.h; sourceTree = "<group>"; };
		F202DEC91C0A030B00C75601 /* Home.m */ = {isa = PBXFileReference; lastKnownFileType = sourcecode.c.objc; path = Home.m; sourceTree = "<group>"; };
		F202DECC1C0A030B00C75601 /* Base */ = {isa = PBXFileReference; lastKnownFileType = file.storyboard; name = Base; path = Base.lproj/Main.storyboard; sourceTree = "<group>"; };
		F202DECF1C0A030B00C75601 /* Conekta_Token.xcdatamodel */ = {isa = PBXFileReference; lastKnownFileType = wrapper.xcdatamodel; path = Conekta_Token.xcdatamodel; sourceTree = "<group>"; };
		F202DED11C0A030B00C75601 /* Assets.xcassets */ = {isa = PBXFileReference; lastKnownFileType = folder.assetcatalog; path = Assets.xcassets; sourceTree = "<group>"; };
		F202DED41C0A030B00C75601 /* Base */ = {isa = PBXFileReference; lastKnownFileType = file.storyboard; name = Base; path = Base.lproj/LaunchScreen.storyboard; sourceTree = "<group>"; };
		F202DED61C0A030B00C75601 /* Info.plist */ = {isa = PBXFileReference; lastKnownFileType = text.plist.xml; path = Info.plist; sourceTree = "<group>"; };
		F202DEEF1C0A04A500C75601 /* Card.h */ = {isa = PBXFileReference; fileEncoding = 4; lastKnownFileType = sourcecode.c.h; name = Card.h; path = Conekta/Card.h; sourceTree = "<group>"; };
		F202DEF01C0A04A500C75601 /* Card.m */ = {isa = PBXFileReference; fileEncoding = 4; lastKnownFileType = sourcecode.c.objc; name = Card.m; path = Conekta/Card.m; sourceTree = "<group>"; };
		F202DEF11C0A04A500C75601 /* Conekta.h */ = {isa = PBXFileReference; fileEncoding = 4; lastKnownFileType = sourcecode.c.h; name = Conekta.h; path = Conekta/Conekta.h; sourceTree = "<group>"; };
		F202DEF21C0A04A500C75601 /* Conekta.m */ = {isa = PBXFileReference; fileEncoding = 4; lastKnownFileType = sourcecode.c.objc; name = Conekta.m; path = Conekta/Conekta.m; sourceTree = "<group>"; };
		F202DEF31C0A04A500C75601 /* Conekta.xcodeproj */ = {isa = PBXFileReference; lastKnownFileType = "wrapper.pb-project"; name = Conekta.xcodeproj; path = Conekta/Conekta.xcodeproj; sourceTree = "<group>"; };
		F202DEF61C0A04A500C75601 /* Connection.h */ = {isa = PBXFileReference; fileEncoding = 4; lastKnownFileType = sourcecode.c.h; name = Connection.h; path = Conekta/Connection.h; sourceTree = "<group>"; };
		F202DEF71C0A04A500C75601 /* Connection.m */ = {isa = PBXFileReference; fileEncoding = 4; lastKnownFileType = sourcecode.c.objc; name = Connection.m; path = Conekta/Connection.m; sourceTree = "<group>"; };
		F202DEF81C0A04A500C75601 /* Token.h */ = {isa = PBXFileReference; fileEncoding = 4; lastKnownFileType = sourcecode.c.h; name = Token.h; path = Conekta/Token.h; sourceTree = "<group>"; };
		F202DEF91C0A04A500C75601 /* Token.m */ = {isa = PBXFileReference; fileEncoding = 4; lastKnownFileType = sourcecode.c.objc; name = Token.m; path = Conekta/Token.m; sourceTree = "<group>"; };
/* End PBXFileReference section */

/* Begin PBXFrameworksBuildPhase section */
		F202DEBC1C0A030B00C75601 /* Frameworks */ = {
			isa = PBXFrameworksBuildPhase;
			buildActionMask = 2147483647;
			files = (
			);
			runOnlyForDeploymentPostprocessing = 0;
		};
/* End PBXFrameworksBuildPhase section */

/* Begin PBXGroup section */
		F202DEB61C0A030B00C75601 = {
			isa = PBXGroup;
			children = (
				F202DEC11C0A030B00C75601 /* Conekta Token */,
				F202DEC01C0A030B00C75601 /* Products */,
			);
			sourceTree = "<group>";
		};
		F202DEC01C0A030B00C75601 /* Products */ = {
			isa = PBXGroup;
			children = (
				F202DEBF1C0A030B00C75601 /* Conekta Token.app */,
			);
			name = Products;
			sourceTree = "<group>";
		};
		F202DEC11C0A030B00C75601 /* Conekta Token */ = {
			isa = PBXGroup;
			children = (
				F202DEDF1C0A042900C75601 /* Conekta */,
				F202DEDD1C0A035400C75601 /* Controllers */,
				F202DEDC1C0A034900C75601 /* Main */,
				F202DECB1C0A030B00C75601 /* Main.storyboard */,
				F202DED11C0A030B00C75601 /* Assets.xcassets */,
				F202DED31C0A030B00C75601 /* LaunchScreen.storyboard */,
				F202DED61C0A030B00C75601 /* Info.plist */,
				F202DECE1C0A030B00C75601 /* Conekta_Token.xcdatamodeld */,
				F202DEC21C0A030B00C75601 /* Supporting Files */,
			);
			path = "Conekta Token";
			sourceTree = "<group>";
		};
		F202DEC21C0A030B00C75601 /* Supporting Files */ = {
			isa = PBXGroup;
			children = (
				F202DEC31C0A030B00C75601 /* main.m */,
			);
			name = "Supporting Files";
			sourceTree = "<group>";
		};
		F202DEDC1C0A034900C75601 /* Main */ = {
			isa = PBXGroup;
			children = (
				F202DEC51C0A030B00C75601 /* AppDelegate.h */,
				F202DEC61C0A030B00C75601 /* AppDelegate.m */,
			);
			name = Main;
			sourceTree = "<group>";
		};
		F202DEDD1C0A035400C75601 /* Controllers */ = {
			isa = PBXGroup;
			children = (
				F202DEDE1C0A035900C75601 /* Home */,
			);
			name = Controllers;
			sourceTree = "<group>";
		};
		F202DEDE1C0A035900C75601 /* Home */ = {
			isa = PBXGroup;
			children = (
				F202DEC81C0A030B00C75601 /* Home.h */,
				F202DEC91C0A030B00C75601 /* Home.m */,
			);
			name = Home;
			sourceTree = "<group>";
		};
		F202DEDF1C0A042900C75601 /* Conekta */ = {
			isa = PBXGroup;
			children = (
				F202DEEF1C0A04A500C75601 /* Card.h */,
				F202DEF01C0A04A500C75601 /* Card.m */,
				F202DEF11C0A04A500C75601 /* Conekta.h */,
				F202DEF21C0A04A500C75601 /* Conekta.m */,
				F202DEF31C0A04A500C75601 /* Conekta.xcodeproj */,
				F202DEF61C0A04A500C75601 /* Connection.h */,
				F202DEF71C0A04A500C75601 /* Connection.m */,
				F202DEF81C0A04A500C75601 /* Token.h */,
				F202DEF91C0A04A500C75601 /* Token.m */,
			);
			name = Conekta;
			sourceTree = "<group>";
		};
		F202DEF41C0A04A500C75601 /* Products */ = {
			isa = PBXGroup;
			children = (
			);
			name = Products;
			sourceTree = "<group>";
		};
/* End PBXGroup section */

/* Begin PBXNativeTarget section */
		F202DEBE1C0A030B00C75601 /* Conekta Token */ = {
			isa = PBXNativeTarget;
			buildConfigurationList = F202DED91C0A030B00C75601 /* Build configuration list for PBXNativeTarget "Conekta Token" */;
			buildPhases = (
				F202DEBB1C0A030B00C75601 /* Sources */,
				F202DEBC1C0A030B00C75601 /* Frameworks */,
				F202DEBD1C0A030B00C75601 /* Resources */,
			);
			buildRules = (
			);
			dependencies = (
			);
			name = "Conekta Token";
			productName = "Conekta Token";
			productReference = F202DEBF1C0A030B00C75601 /* Conekta Token.app */;
			productType = "com.apple.product-type.application";
		};
/* End PBXNativeTarget section */

/* Begin PBXProject section */
		F202DEB71C0A030B00C75601 /* Project object */ = {
			isa = PBXProject;
			attributes = {
				LastUpgradeCheck = 0710;
				ORGANIZATIONNAME = "Galileo Guzman";
				TargetAttributes = {
					F202DEBE1C0A030B00C75601 = {
						CreatedOnToolsVersion = 7.1.1;
					};
				};
			};
			buildConfigurationList = F202DEBA1C0A030B00C75601 /* Build configuration list for PBXProject "Conekta Token" */;
			compatibilityVersion = "Xcode 3.2";
			developmentRegion = English;
			hasScannedForEncodings = 0;
			knownRegions = (
				en,
				Base,
			);
			mainGroup = F202DEB61C0A030B00C75601;
			productRefGroup = F202DEC01C0A030B00C75601 /* Products */;
			projectDirPath = "";
			projectReferences = (
				{
					ProductGroup = F202DEF41C0A04A500C75601 /* Products */;
					ProjectRef = F202DEF31C0A04A500C75601 /* Conekta.xcodeproj */;
				},
			);
			projectRoot = "";
			targets = (
				F202DEBE1C0A030B00C75601 /* Conekta Token */,
			);
		};
/* End PBXProject section */

/* Begin PBXResourcesBuildPhase section */
		F202DEBD1C0A030B00C75601 /* Resources */ = {
			isa = PBXResourcesBuildPhase;
			buildActionMask = 2147483647;
			files = (
				F202DED51C0A030B00C75601 /* LaunchScreen.storyboard in Resources */,
				F202DED21C0A030B00C75601 /* Assets.xcassets in Resources */,
				F202DECD1C0A030B00C75601 /* Main.storyboard in Resources */,
			);
			runOnlyForDeploymentPostprocessing = 0;
		};
/* End PBXResourcesBuildPhase section */

/* Begin PBXSourcesBuildPhase section */
		F202DEBB1C0A030B00C75601 /* Sources */ = {
			isa = PBXSourcesBuildPhase;
			buildActionMask = 2147483647;
			files = (
				F202DEFA1C0A04A500C75601 /* Card.m in Sources */,
				F202DEFC1C0A04A500C75601 /* Connection.m in Sources */,
				F202DEFB1C0A04A500C75601 /* Conekta.m in Sources */,
				F202DEFD1C0A04A500C75601 /* Token.m in Sources */,
				F202DECA1C0A030B00C75601 /* Home.m in Sources */,
				F202DEC71C0A030B00C75601 /* AppDelegate.m in Sources */,
				F202DEC41C0A030B00C75601 /* main.m in Sources */,
				F202DED01C0A030B00C75601 /* Conekta_Token.xcdatamodeld in Sources */,
			);
			runOnlyForDeploymentPostprocessing = 0;
		};
/* End PBXSourcesBuildPhase section */

/* Begin PBXVariantGroup section */
		F202DECB1C0A030B00C75601 /* Main.storyboard */ = {
			isa = PBXVariantGroup;
			children = (
				F202DECC1C0A030B00C75601 /* Base */,
			);
			name = Main.storyboard;
			sourceTree = "<group>";
		};
		F202DED31C0A030B00C75601 /* LaunchScreen.storyboard */ = {
			isa = PBXVariantGroup;
			children = (
				F202DED41C0A030B00C75601 /* Base */,
			);
			name = LaunchScreen.storyboard;
			sourceTree = "<group>";
		};
/* End PBXVariantGroup section */

/* Begin XCBuildConfiguration section */
		F202DED71C0A030B00C75601 /* Debug */ = {
			isa = XCBuildConfiguration;
			buildSettings = {
				ALWAYS_SEARCH_USER_PATHS = NO;
				CLANG_CXX_LANGUAGE_STANDARD = "gnu++0x";
				CLANG_CXX_LIBRARY = "libc++";
				CLANG_ENABLE_MODULES = YES;
				CLANG_ENABLE_OBJC_ARC = YES;
				CLANG_WARN_BOOL_CONVERSION = YES;
				CLANG_WARN_CONSTANT_CONVERSION = YES;
				CLANG_WARN_DIRECT_OBJC_ISA_USAGE = YES_ERROR;
				CLANG_WARN_EMPTY_BODY = YES;
				CLANG_WARN_ENUM_CONVERSION = YES;
				CLANG_WARN_INT_CONVERSION = YES;
				CLANG_WARN_OBJC_ROOT_CLASS = YES_ERROR;
				CLANG_WARN_UNREACHABLE_CODE = YES;
				CLANG_WARN__DUPLICATE_METHOD_MATCH = YES;
				"CODE_SIGN_IDENTITY[sdk=iphoneos*]" = "iPhone Developer";
				COPY_PHASE_STRIP = NO;
				DEBUG_INFORMATION_FORMAT = dwarf;
				ENABLE_STRICT_OBJC_MSGSEND = YES;
				ENABLE_TESTABILITY = YES;
				GCC_C_LANGUAGE_STANDARD = gnu99;
				GCC_DYNAMIC_NO_PIC = NO;
				GCC_NO_COMMON_BLOCKS = YES;
				GCC_OPTIMIZATION_LEVEL = 0;
				GCC_PREPROCESSOR_DEFINITIONS = (
					"DEBUG=1",
					"$(inherited)",
				);
				GCC_WARN_64_TO_32_BIT_CONVERSION = YES;
				GCC_WARN_ABOUT_RETURN_TYPE = YES_ERROR;
				GCC_WARN_UNDECLARED_SELECTOR = YES;
				GCC_WARN_UNINITIALIZED_AUTOS = YES_AGGRESSIVE;
				GCC_WARN_UNUSED_FUNCTION = YES;
				GCC_WARN_UNUSED_VARIABLE = YES;
				IPHONEOS_DEPLOYMENT_TARGET = 9.1;
				MTL_ENABLE_DEBUG_INFO = YES;
				ONLY_ACTIVE_ARCH = YES;
				SDKROOT = iphoneos;
			};
			name = Debug;
		};
		F202DED81C0A030B00C75601 /* Release */ = {
			isa = XCBuildConfiguration;
			buildSettings = {
				ALWAYS_SEARCH_USER_PATHS = NO;
				CLANG_CXX_LANGUAGE_STANDARD = "gnu++0x";
				CLANG_CXX_LIBRARY = "libc++";
				CLANG_ENABLE_MODULES = YES;
				CLANG_ENABLE_OBJC_ARC = YES;
				CLANG_WARN_BOOL_CONVERSION = YES;
				CLANG_WARN_CONSTANT_CONVERSION = YES;
				CLANG_WARN_DIRECT_OBJC_ISA_USAGE = YES_ERROR;
				CLANG_WARN_EMPTY_BODY = YES;
				CLANG_WARN_ENUM_CONVERSION = YES;
				CLANG_WARN_INT_CONVERSION = YES;
				CLANG_WARN_OBJC_ROOT_CLASS = YES_ERROR;
				CLANG_WARN_UNREACHABLE_CODE = YES;
				CLANG_WARN__DUPLICATE_METHOD_MATCH = YES;
				"CODE_SIGN_IDENTITY[sdk=iphoneos*]" = "iPhone Developer";
				COPY_PHASE_STRIP = NO;
				DEBUG_INFORMATION_FORMAT = "dwarf-with-dsym";
				ENABLE_NS_ASSERTIONS = NO;
				ENABLE_STRICT_OBJC_MSGSEND = YES;
				GCC_C_LANGUAGE_STANDARD = gnu99;
				GCC_NO_COMMON_BLOCKS = YES;
				GCC_WARN_64_TO_32_BIT_CONVERSION = YES;
				GCC_WARN_ABOUT_RETURN_TYPE = YES_ERROR;
				GCC_WARN_UNDECLARED_SELECTOR = YES;
				GCC_WARN_UNINITIALIZED_AUTOS = YES_AGGRESSIVE;
				GCC_WARN_UNUSED_FUNCTION = YES;
				GCC_WARN_UNUSED_VARIABLE = YES;
				IPHONEOS_DEPLOYMENT_TARGET = 9.1;
				MTL_ENABLE_DEBUG_INFO = NO;
				SDKROOT = iphoneos;
				VALIDATE_PRODUCT = YES;
			};
			name = Release;
		};
		F202DEDA1C0A030B00C75601 /* Debug */ = {
			isa = XCBuildConfiguration;
			buildSettings = {
				ASSETCATALOG_COMPILER_APPICON_NAME = AppIcon;
				INFOPLIST_FILE = "Conekta Token/Info.plist";
				LD_RUNPATH_SEARCH_PATHS = "$(inherited) @executable_path/Frameworks";
				LIBRARY_SEARCH_PATHS = (
					"$(inherited)\n$(PROJECT_DIR)/Conekta",
				);
				PRODUCT_BUNDLE_IDENTIFIER = "com.galileoguzman.Conekta-Token";
				PRODUCT_NAME = "$(TARGET_NAME)";
			};
			name = Debug;
		};
		F202DEDB1C0A030B00C75601 /* Release */ = {
			isa = XCBuildConfiguration;
			buildSettings = {
				ASSETCATALOG_COMPILER_APPICON_NAME = AppIcon;
				INFOPLIST_FILE = "Conekta Token/Info.plist";
				LD_RUNPATH_SEARCH_PATHS = "$(inherited) @executable_path/Frameworks";
				LIBRARY_SEARCH_PATHS = (
					"$(inherited)\n$(PROJECT_DIR)/Conekta",
				);
				PRODUCT_BUNDLE_IDENTIFIER = "com.galileoguzman.Conekta-Token";
				PRODUCT_NAME = "$(TARGET_NAME)";
			};
			name = Release;
		};
/* End XCBuildConfiguration section */

/* Begin XCConfigurationList section */
		F202DEBA1C0A030B00C75601 /* Build configuration list for PBXProject "Conekta Token" */ = {
			isa = XCConfigurationList;
			buildConfigurations = (
				F202DED71C0A030B00C75601 /* Debug */,
				F202DED81C0A030B00C75601 /* Release */,
			);
			defaultConfigurationIsVisible = 0;
			defaultConfigurationName = Release;
		};
		F202DED91C0A030B00C75601 /* Build configuration list for PBXNativeTarget "Conekta Token" */ = {
			isa = XCConfigurationList;
			buildConfigurations = (
				F202DEDA1C0A030B00C75601 /* Debug */,
				F202DEDB1C0A030B00C75601 /* Release */,
			);
			defaultConfigurationIsVisible = 0;
		};
/* End XCConfigurationList section */

/* Begin XCVersionGroup section */
		F202DECE1C0A030B00C75601 /* Conekta_Token.xcdatamodeld */ = {
			isa = XCVersionGroup;
			children = (
				F202DECF1C0A030B00C75601 /* Conekta_Token.xcdatamodel */,
			);
			currentVersion = F202DECF1C0A030B00C75601 /* Conekta_Token.xcdatamodel */;
			path = Conekta_Token.xcdatamodeld;
			sourceTree = "<group>";
			versionGroupType = wrapper.xcdatamodel;
		};
/* End XCVersionGroup section */
	};
	rootObject = F202DEB71C0A030B00C75601 /* Project object */;
}
